// !$*UTF8*$!
{
	archiveVersion = 1;
	classes = {
	};
	objectVersion = 56;
	objects = {

/* Begin PBXBuildFile section */
		0A376BE02A8389E5003A6A4E /* AppDelegate.swift in Sources */ = {isa = PBXBuildFile; fileRef = 0A376BDF2A8389E5003A6A4E /* AppDelegate.swift */; };
		0A376BE22A8389E5003A6A4E /* SceneDelegate.swift in Sources */ = {isa = PBXBuildFile; fileRef = 0A376BE12A8389E5003A6A4E /* SceneDelegate.swift */; };
		0A376BE42A8389E5003A6A4E /* TodoViewController.swift in Sources */ = {isa = PBXBuildFile; fileRef = 0A376BE32A8389E5003A6A4E /* TodoViewController.swift */; };
		0A376BE72A8389E5003A6A4E /* Main.storyboard in Resources */ = {isa = PBXBuildFile; fileRef = 0A376BE52A8389E5003A6A4E /* Main.storyboard */; };
		0A376BE92A8389E6003A6A4E /* Assets.xcassets in Resources */ = {isa = PBXBuildFile; fileRef = 0A376BE82A8389E6003A6A4E /* Assets.xcassets */; };
		0A376BEC2A8389E6003A6A4E /* LaunchScreen.storyboard in Resources */ = {isa = PBXBuildFile; fileRef = 0A376BEA2A8389E6003A6A4E /* LaunchScreen.storyboard */; };
		0A376BF42A838C42003A6A4E /* Data.swift in Sources */ = {isa = PBXBuildFile; fileRef = 0A376BF32A838C42003A6A4E /* Data.swift */; };
		0A376BF62A839309003A6A4E /* TodoListViewController.swift in Sources */ = {isa = PBXBuildFile; fileRef = 0A376BF52A839309003A6A4E /* TodoListViewController.swift */; };
		0A376BF82A8396BC003A6A4E /* TodoListTableCell.swift in Sources */ = {isa = PBXBuildFile; fileRef = 0A376BF72A8396BC003A6A4E /* TodoListTableCell.swift */; };
		0A376BFA2A83AC90003A6A4E /* TodoCompleteViewController.swift in Sources */ = {isa = PBXBuildFile; fileRef = 0A376BF92A83AC90003A6A4E /* TodoCompleteViewController.swift */; };
		0A376BFC2A83ADEE003A6A4E /* TodoCompleteCollectionCell.swift in Sources */ = {isa = PBXBuildFile; fileRef = 0A376BFB2A83ADEE003A6A4E /* TodoCompleteCollectionCell.swift */; };
		0A376BFE2A84E7B3003A6A4E /* TodoDetailViewController.swift in Sources */ = {isa = PBXBuildFile; fileRef = 0A376BFD2A84E7B3003A6A4E /* TodoDetailViewController.swift */; };
		0A8E44FF2A85DCB300942974 /* TodoUpdateViewController.swift in Sources */ = {isa = PBXBuildFile; fileRef = 0A8E44FE2A85DCB300942974 /* TodoUpdateViewController.swift */; };
/* End PBXBuildFile section */

/* Begin PBXFileReference section */
		0A376BDC2A8389E5003A6A4E /* TodoList.app */ = {isa = PBXFileReference; explicitFileType = wrapper.application; includeInIndex = 0; path = TodoList.app; sourceTree = BUILT_PRODUCTS_DIR; };
		0A376BDF2A8389E5003A6A4E /* AppDelegate.swift */ = {isa = PBXFileReference; lastKnownFileType = sourcecode.swift; path = AppDelegate.swift; sourceTree = "<group>"; };
		0A376BE12A8389E5003A6A4E /* SceneDelegate.swift */ = {isa = PBXFileReference; lastKnownFileType = sourcecode.swift; path = SceneDelegate.swift; sourceTree = "<group>"; };
		0A376BE32A8389E5003A6A4E /* TodoViewController.swift */ = {isa = PBXFileReference; lastKnownFileType = sourcecode.swift; path = TodoViewController.swift; sourceTree = "<group>"; };
		0A376BE62A8389E5003A6A4E /* Base */ = {isa = PBXFileReference; lastKnownFileType = file.storyboard; name = Base; path = Base.lproj/Main.storyboard; sourceTree = "<group>"; };
		0A376BE82A8389E6003A6A4E /* Assets.xcassets */ = {isa = PBXFileReference; lastKnownFileType = folder.assetcatalog; path = Assets.xcassets; sourceTree = "<group>"; };
		0A376BEB2A8389E6003A6A4E /* Base */ = {isa = PBXFileReference; lastKnownFileType = file.storyboard; name = Base; path = Base.lproj/LaunchScreen.storyboard; sourceTree = "<group>"; };
		0A376BED2A8389E6003A6A4E /* Info.plist */ = {isa = PBXFileReference; lastKnownFileType = text.plist.xml; path = Info.plist; sourceTree = "<group>"; };
		0A376BF32A838C42003A6A4E /* Data.swift */ = {isa = PBXFileReference; lastKnownFileType = sourcecode.swift; path = Data.swift; sourceTree = "<group>"; };
		0A376BF52A839309003A6A4E /* TodoListViewController.swift */ = {isa = PBXFileReference; lastKnownFileType = sourcecode.swift; path = TodoListViewController.swift; sourceTree = "<group>"; };
		0A376BF72A8396BC003A6A4E /* TodoListTableCell.swift */ = {isa = PBXFileReference; lastKnownFileType = sourcecode.swift; path = TodoListTableCell.swift; sourceTree = "<group>"; };
		0A376BF92A83AC90003A6A4E /* TodoCompleteViewController.swift */ = {isa = PBXFileReference; lastKnownFileType = sourcecode.swift; path = TodoCompleteViewController.swift; sourceTree = "<group>"; };
		0A376BFB2A83ADEE003A6A4E /* TodoCompleteCollectionCell.swift */ = {isa = PBXFileReference; lastKnownFileType = sourcecode.swift; path = TodoCompleteCollectionCell.swift; sourceTree = "<group>"; };
		0A376BFD2A84E7B3003A6A4E /* TodoDetailViewController.swift */ = {isa = PBXFileReference; lastKnownFileType = sourcecode.swift; path = TodoDetailViewController.swift; sourceTree = "<group>"; };
		0A8E44FE2A85DCB300942974 /* TodoUpdateViewController.swift */ = {isa = PBXFileReference; lastKnownFileType = sourcecode.swift; path = TodoUpdateViewController.swift; sourceTree = "<group>"; };
/* End PBXFileReference section */

/* Begin PBXFrameworksBuildPhase section */
		0A376BD92A8389E5003A6A4E /* Frameworks */ = {
			isa = PBXFrameworksBuildPhase;
			buildActionMask = 2147483647;
			files = (
			);
			runOnlyForDeploymentPostprocessing = 0;
		};
/* End PBXFrameworksBuildPhase section */

/* Begin PBXGroup section */
		0A376BD32A8389E5003A6A4E = {
			isa = PBXGroup;
			children = (
				0A376BDE2A8389E5003A6A4E /* TodoList */,
				0A376BDD2A8389E5003A6A4E /* Products */,
			);
			sourceTree = "<group>";
		};
		0A376BDD2A8389E5003A6A4E /* Products */ = {
			isa = PBXGroup;
			children = (
				0A376BDC2A8389E5003A6A4E /* TodoList.app */,
			);
			name = Products;
			sourceTree = "<group>";
		};
		0A376BDE2A8389E5003A6A4E /* TodoList */ = {
			isa = PBXGroup;
			children = (
				0A376BDF2A8389E5003A6A4E /* AppDelegate.swift */,
				0A376BE12A8389E5003A6A4E /* SceneDelegate.swift */,
				0A376BE52A8389E5003A6A4E /* Main.storyboard */,
				0A376BE32A8389E5003A6A4E /* TodoViewController.swift */,
				0A376BF52A839309003A6A4E /* TodoListViewController.swift */,
				0A376BF72A8396BC003A6A4E /* TodoListTableCell.swift */,
				0A376BFD2A84E7B3003A6A4E /* TodoDetailViewController.swift */,
				0A8E44FE2A85DCB300942974 /* TodoUpdateViewController.swift */,
				0A376BF92A83AC90003A6A4E /* TodoCompleteViewController.swift */,
				0A376BFB2A83ADEE003A6A4E /* TodoCompleteCollectionCell.swift */,
				0A376BF32A838C42003A6A4E /* Data.swift */,
				0A376BE82A8389E6003A6A4E /* Assets.xcassets */,
				0A376BEA2A8389E6003A6A4E /* LaunchScreen.storyboard */,
				0A376BED2A8389E6003A6A4E /* Info.plist */,
			);
			path = TodoList;
			sourceTree = "<group>";
		};
/* End PBXGroup section */

/* Begin PBXNativeTarget section */
		0A376BDB2A8389E5003A6A4E /* TodoList */ = {
			isa = PBXNativeTarget;
			buildConfigurationList = 0A376BF02A8389E6003A6A4E /* Build configuration list for PBXNativeTarget "TodoList" */;
			buildPhases = (
				0A376BD82A8389E5003A6A4E /* Sources */,
				0A376BD92A8389E5003A6A4E /* Frameworks */,
				0A376BDA2A8389E5003A6A4E /* Resources */,
			);
			buildRules = (
			);
			dependencies = (
			);
			name = TodoList;
			productName = TodoList;
			productReference = 0A376BDC2A8389E5003A6A4E /* TodoList.app */;
			productType = "com.apple.product-type.application";
		};
/* End PBXNativeTarget section */

/* Begin PBXProject section */
		0A376BD42A8389E5003A6A4E /* Project object */ = {
			isa = PBXProject;
			attributes = {
				BuildIndependentTargetsInParallel = 1;
				LastSwiftUpdateCheck = 1430;
				LastUpgradeCheck = 1430;
				TargetAttributes = {
					0A376BDB2A8389E5003A6A4E = {
						CreatedOnToolsVersion = 14.3.1;
					};
				};
			};
			buildConfigurationList = 0A376BD72A8389E5003A6A4E /* Build configuration list for PBXProject "TodoList" */;
			compatibilityVersion = "Xcode 14.0";
			developmentRegion = en;
			hasScannedForEncodings = 0;
			knownRegions = (
				en,
				Base,
			);
			mainGroup = 0A376BD32A8389E5003A6A4E;
			productRefGroup = 0A376BDD2A8389E5003A6A4E /* Products */;
			projectDirPath = "";
			projectRoot = "";
			targets = (
				0A376BDB2A8389E5003A6A4E /* TodoList */,
			);
		};
/* End PBXProject section */

/* Begin PBXResourcesBuildPhase section */
		0A376BDA2A8389E5003A6A4E /* Resources */ = {
			isa = PBXResourcesBuildPhase;
			buildActionMask = 2147483647;
			files = (
				0A376BEC2A8389E6003A6A4E /* LaunchScreen.storyboard in Resources */,
				0A376BE92A8389E6003A6A4E /* Assets.xcassets in Resources */,
				0A376BE72A8389E5003A6A4E /* Main.storyboard in Resources */,
			);
			runOnlyForDeploymentPostprocessing = 0;
		};
/* End PBXResourcesBuildPhase section */

/* Begin PBXSourcesBuildPhase section */
		0A376BD82A8389E5003A6A4E /* Sources */ = {
			isa = PBXSourcesBuildPhase;
			buildActionMask = 2147483647;
			files = (
				0A8E44FF2A85DCB300942974 /* TodoUpdateViewController.swift in Sources */,
				0A376BFA2A83AC90003A6A4E /* TodoCompleteViewController.swift in Sources */,
				0A376BE42A8389E5003A6A4E /* TodoViewController.swift in Sources */,
				0A376BE02A8389E5003A6A4E /* AppDelegate.swift in Sources */,
				0A376BF82A8396BC003A6A4E /* TodoListTableCell.swift in Sources */,
				0A376BFC2A83ADEE003A6A4E /* TodoCompleteCollectionCell.swift in Sources */,
				0A376BE22A8389E5003A6A4E /* SceneDelegate.swift in Sources */,
				0A376BF42A838C42003A6A4E /* Data.swift in Sources */,
				0A376BF62A839309003A6A4E /* TodoListViewController.swift in Sources */,
				0A376BFE2A84E7B3003A6A4E /* TodoDetailViewController.swift in Sources */,
			);
			runOnlyForDeploymentPostprocessing = 0;
		};
/* End PBXSourcesBuildPhase section */

/* Begin PBXVariantGroup section */
		0A376BE52A8389E5003A6A4E /* Main.storyboard */ = {
			isa = PBXVariantGroup;
			children = (
				0A376BE62A8389E5003A6A4E /* Base */,
			);
			name = Main.storyboard;
			sourceTree = "<group>";
		};
		0A376BEA2A8389E6003A6A4E /* LaunchScreen.storyboard */ = {
			isa = PBXVariantGroup;
			children = (
				0A376BEB2A8389E6003A6A4E /* Base */,
			);
			name = LaunchScreen.storyboard;
			sourceTree = "<group>";
		};
/* End PBXVariantGroup section */

/* Begin XCBuildConfiguration section */
		0A376BEE2A8389E6003A6A4E /* Debug */ = {
			isa = XCBuildConfiguration;
			buildSettings = {
				ALWAYS_SEARCH_USER_PATHS = NO;
				CLANG_ANALYZER_NONNULL = YES;
				CLANG_ANALYZER_NUMBER_OBJECT_CONVERSION = YES_AGGRESSIVE;
				CLANG_CXX_LANGUAGE_STANDARD = "gnu++20";
				CLANG_ENABLE_MODULES = YES;
				CLANG_ENABLE_OBJC_ARC = YES;
				CLANG_ENABLE_OBJC_WEAK = YES;
				CLANG_WARN_BLOCK_CAPTURE_AUTORELEASING = YES;
				CLANG_WARN_BOOL_CONVERSION = YES;
				CLANG_WARN_COMMA = YES;
				CLANG_WARN_CONSTANT_CONVERSION = YES;
				CLANG_WARN_DEPRECATED_OBJC_IMPLEMENTATIONS = YES;
				CLANG_WARN_DIRECT_OBJC_ISA_USAGE = YES_ERROR;
				CLANG_WARN_DOCUMENTATION_COMMENTS = YES;
				CLANG_WARN_EMPTY_BODY = YES;
				CLANG_WARN_ENUM_CONVERSION = YES;
				CLANG_WARN_INFINITE_RECURSION = YES;
				CLANG_WARN_INT_CONVERSION = YES;
				CLANG_WARN_NON_LITERAL_NULL_CONVERSION = YES;
				CLANG_WARN_OBJC_IMPLICIT_RETAIN_SELF = YES;
				CLANG_WARN_OBJC_LITERAL_CONVERSION = YES;
				CLANG_WARN_OBJC_ROOT_CLASS = YES_ERROR;
				CLANG_WARN_QUOTED_INCLUDE_IN_FRAMEWORK_HEADER = YES;
				CLANG_WARN_RANGE_LOOP_ANALYSIS = YES;
				CLANG_WARN_STRICT_PROTOTYPES = YES;
				CLANG_WARN_SUSPICIOUS_MOVE = YES;
				CLANG_WARN_UNGUARDED_AVAILABILITY = YES_AGGRESSIVE;
				CLANG_WARN_UNREACHABLE_CODE = YES;
				CLANG_WARN__DUPLICATE_METHOD_MATCH = YES;
				COPY_PHASE_STRIP = NO;
				DEBUG_INFORMATION_FORMAT = dwarf;
				ENABLE_STRICT_OBJC_MSGSEND = YES;
				ENABLE_TESTABILITY = YES;
				GCC_C_LANGUAGE_STANDARD = gnu11;
				GCC_DYNAMIC_NO_PIC = NO;
				GCC_NO_COMMON_BLOCKS = YES;
				GCC_OPTIMIZATION_LEVEL = 0;
				GCC_PREPROCESSOR_DEFINITIONS = (
					"DEBUG=1",
					"$(inherited)",
				);
				GCC_WARN_64_TO_32_BIT_CONVERSION = YES;
				GCC_WARN_ABOUT_RETURN_TYPE = YES_ERROR;
				GCC_WARN_UNDECLARED_SELECTOR = YES;
				GCC_WARN_UNINITIALIZED_AUTOS = YES_AGGRESSIVE;
				GCC_WARN_UNUSED_FUNCTION = YES;
				GCC_WARN_UNUSED_VARIABLE = YES;
				IPHONEOS_DEPLOYMENT_TARGET = 16.4;
				MTL_ENABLE_DEBUG_INFO = INCLUDE_SOURCE;
				MTL_FAST_MATH = YES;
				ONLY_ACTIVE_ARCH = YES;
				SDKROOT = iphoneos;
				SWIFT_ACTIVE_COMPILATION_CONDITIONS = DEBUG;
				SWIFT_OPTIMIZATION_LEVEL = "-Onone";
			};
			name = Debug;
		};
		0A376BEF2A8389E6003A6A4E /* Release */ = {
			isa = XCBuildConfiguration;
			buildSettings = {
				ALWAYS_SEARCH_USER_PATHS = NO;
				CLANG_ANALYZER_NONNULL = YES;
				CLANG_ANALYZER_NUMBER_OBJECT_CONVERSION = YES_AGGRESSIVE;
				CLANG_CXX_LANGUAGE_STANDARD = "gnu++20";
				CLANG_ENABLE_MODULES = YES;
				CLANG_ENABLE_OBJC_ARC = YES;
				CLANG_ENABLE_OBJC_WEAK = YES;
				CLANG_WARN_BLOCK_CAPTURE_AUTORELEASING = YES;
				CLANG_WARN_BOOL_CONVERSION = YES;
				CLANG_WARN_COMMA = YES;
				CLANG_WARN_CONSTANT_CONVERSION = YES;
				CLANG_WARN_DEPRECATED_OBJC_IMPLEMENTATIONS = YES;
				CLANG_WARN_DIRECT_OBJC_ISA_USAGE = YES_ERROR;
				CLANG_WARN_DOCUMENTATION_COMMENTS = YES;
				CLANG_WARN_EMPTY_BODY = YES;
				CLANG_WARN_ENUM_CONVERSION = YES;
				CLANG_WARN_INFINITE_RECURSION = YES;
				CLANG_WARN_INT_CONVERSION = YES;
				CLANG_WARN_NON_LITERAL_NULL_CONVERSION = YES;
				CLANG_WARN_OBJC_IMPLICIT_RETAIN_SELF = YES;
				CLANG_WARN_OBJC_LITERAL_CONVERSION = YES;
				CLANG_WARN_OBJC_ROOT_CLASS = YES_ERROR;
				CLANG_WARN_QUOTED_INCLUDE_IN_FRAMEWORK_HEADER = YES;
				CLANG_WARN_RANGE_LOOP_ANALYSIS = YES;
				CLANG_WARN_STRICT_PROTOTYPES = YES;
				CLANG_WARN_SUSPICIOUS_MOVE = YES;
				CLANG_WARN_UNGUARDED_AVAILABILITY = YES_AGGRESSIVE;
				CLANG_WARN_UNREACHABLE_CODE = YES;
				CLANG_WARN__DUPLICATE_METHOD_MATCH = YES;
				COPY_PHASE_STRIP = NO;
				DEBUG_INFORMATION_FORMAT = "dwarf-with-dsym";
				ENABLE_NS_ASSERTIONS = NO;
				ENABLE_STRICT_OBJC_MSGSEND = YES;
				GCC_C_LANGUAGE_STANDARD = gnu11;
				GCC_NO_COMMON_BLOCKS = YES;
				GCC_WARN_64_TO_32_BIT_CONVERSION = YES;
				GCC_WARN_ABOUT_RETURN_TYPE = YES_ERROR;
				GCC_WARN_UNDECLARED_SELECTOR = YES;
				GCC_WARN_UNINITIALIZED_AUTOS = YES_AGGRESSIVE;
				GCC_WARN_UNUSED_FUNCTION = YES;
				GCC_WARN_UNUSED_VARIABLE = YES;
				IPHONEOS_DEPLOYMENT_TARGET = 16.4;
				MTL_ENABLE_DEBUG_INFO = NO;
				MTL_FAST_MATH = YES;
				SDKROOT = iphoneos;
				SWIFT_COMPILATION_MODE = wholemodule;
				SWIFT_OPTIMIZATION_LEVEL = "-O";
				VALIDATE_PRODUCT = YES;
			};
			name = Release;
		};
		0A376BF12A8389E6003A6A4E /* Debug */ = {
			isa = XCBuildConfiguration;
			buildSettings = {
				ASSETCATALOG_COMPILER_APPICON_NAME = AppIcon;
				ASSETCATALOG_COMPILER_GLOBAL_ACCENT_COLOR_NAME = AccentColor;
				CODE_SIGN_STYLE = Automatic;
				CURRENT_PROJECT_VERSION = 1;
				DEVELOPMENT_TEAM = 87GJA6959V;
				GENERATE_INFOPLIST_FILE = YES;
				INFOPLIST_FILE = TodoList/Info.plist;
				INFOPLIST_KEY_UIApplicationSupportsIndirectInputEvents = YES;
				INFOPLIST_KEY_UILaunchStoryboardName = LaunchScreen;
				INFOPLIST_KEY_UIMainStoryboardFile = Main;
				INFOPLIST_KEY_UISupportedInterfaceOrientations_iPad = "UIInterfaceOrientationPortrait UIInterfaceOrientationPortraitUpsideDown UIInterfaceOrientationLandscapeLeft UIInterfaceOrientationLandscapeRight";
				INFOPLIST_KEY_UISupportedInterfaceOrientations_iPhone = "UIInterfaceOrientationPortrait UIInterfaceOrientationLandscapeLeft UIInterfaceOrientationLandscapeRight";
				LD_RUNPATH_SEARCH_PATHS = (
					"$(inherited)",
					"@executable_path/Frameworks",
				);
				MARKETING_VERSION = 1.0;
				PRODUCT_BUNDLE_IDENTIFIER = com.studyiOS.TodoList;
				PRODUCT_NAME = "$(TARGET_NAME)";
				SWIFT_EMIT_LOC_STRINGS = YES;
				SWIFT_VERSION = 5.0;
				TARGETED_DEVICE_FAMILY = "1,2";
			};
			name = Debug;
		};
		0A376BF22A8389E6003A6A4E /* Release */ = {
			isa = XCBuildConfiguration;
			buildSettings = {
				ASSETCATALOG_COMPILER_APPICON_NAME = AppIcon;
				ASSETCATALOG_COMPILER_GLOBAL_ACCENT_COLOR_NAME = AccentColor;
				CODE_SIGN_STYLE = Automatic;
				CURRENT_PROJECT_VERSION = 1;
				DEVELOPMENT_TEAM = 87GJA6959V;
				GENERATE_INFOPLIST_FILE = YES;
				INFOPLIST_FILE = TodoList/Info.plist;
				INFOPLIST_KEY_UIApplicationSupportsIndirectInputEvents = YES;
				INFOPLIST_KEY_UILaunchStoryboardName = LaunchScreen;
				INFOPLIST_KEY_UIMainStoryboardFile = Main;
				INFOPLIST_KEY_UISupportedInterfaceOrientations_iPad = "UIInterfaceOrientationPortrait UIInterfaceOrientationPortraitUpsideDown UIInterfaceOrientationLandscapeLeft UIInterfaceOrientationLandscapeRight";
				INFOPLIST_KEY_UISupportedInterfaceOrientations_iPhone = "UIInterfaceOrientationPortrait UIInterfaceOrientationLandscapeLeft UIInterfaceOrientationLandscapeRight";
				LD_RUNPATH_SEARCH_PATHS = (
					"$(inherited)",
					"@executable_path/Frameworks",
				);
				MARKETING_VERSION = 1.0;
				PRODUCT_BUNDLE_IDENTIFIER = com.studyiOS.TodoList;
				PRODUCT_NAME = "$(TARGET_NAME)";
				SWIFT_EMIT_LOC_STRINGS = YES;
				SWIFT_VERSION = 5.0;
				TARGETED_DEVICE_FAMILY = "1,2";
			};
			name = Release;
		};
/* End XCBuildConfiguration section */

/* Begin XCConfigurationList section */
		0A376BD72A8389E5003A6A4E /* Build configuration list for PBXProject "TodoList" */ = {
			isa = XCConfigurationList;
			buildConfigurations = (
				0A376BEE2A8389E6003A6A4E /* Debug */,
				0A376BEF2A8389E6003A6A4E /* Release */,
			);
			defaultConfigurationIsVisible = 0;
			defaultConfigurationName = Release;
		};
		0A376BF02A8389E6003A6A4E /* Build configuration list for PBXNativeTarget "TodoList" */ = {
			isa = XCConfigurationList;
			buildConfigurations = (
				0A376BF12A8389E6003A6A4E /* Debug */,
				0A376BF22A8389E6003A6A4E /* Release */,
			);
			defaultConfigurationIsVisible = 0;
			defaultConfigurationName = Release;
		};
/* End XCConfigurationList section */
	};
	rootObject = 0A376BD42A8389E5003A6A4E /* Project object */;
}
